
Microsoft Visual Studio Solution File, Format Version 12.00
# Visual Studio 15
VisualStudioVersion = 15.0.26124.0
MinimumVisualStudioVersion = 15.0.26124.0
Project("{FAE04EC0-301F-11D3-BF4B-00C04F79EFBC}") = "API", "API\API.csproj", "{F5B7D748-AC4E-4BFC-9440-36CB296CCE76}"
EndProject
Project("{FAE04EC0-301F-11D3-BF4B-00C04F79EFBC}") = "Core", "Core\Core.csproj", "{31E35703-A2A6-4F56-AD81-2E7386086257}"
EndProject
Project("{FAE04EC0-301F-11D3-BF4B-00C04F79EFBC}") = "Infrastructure", "Infrastructure\Infrastructure.csproj", "{20FCF484-B412-4D7A-BF0C-0039808E3516}"
EndProject
Global
	GlobalSection(SolutionConfigurationPlatforms) = preSolution
		Debug|Any CPU = Debug|Any CPU
		Debug|x64 = Debug|x64
		Debug|x86 = Debug|x86
		Release|Any CPU = Release|Any CPU
		Release|x64 = Release|x64
		Release|x86 = Release|x86
	EndGlobalSection
	GlobalSection(SolutionProperties) = preSolution
		HideSolutionNode = FALSE
	EndGlobalSection
	GlobalSection(ProjectConfigurationPlatforms) = postSolution
		{F5B7D748-AC4E-4BFC-9440-36CB296CCE76}.Debug|Any CPU.ActiveCfg = Debug|Any CPU
		{F5B7D748-AC4E-4BFC-9440-36CB296CCE76}.Debug|Any CPU.Build.0 = Debug|Any CPU
		{F5B7D748-AC4E-4BFC-9440-36CB296CCE76}.Debug|x64.ActiveCfg = Debug|Any CPU
		{F5B7D748-AC4E-4BFC-9440-36CB296CCE76}.Debug|x64.Build.0 = Debug|Any CPU
		{F5B7D748-AC4E-4BFC-9440-36CB296CCE76}.Debug|x86.ActiveCfg = Debug|Any CPU
		{F5B7D748-AC4E-4BFC-9440-36CB296CCE76}.Debug|x86.Build.0 = Debug|Any CPU
		{F5B7D748-AC4E-4BFC-9440-36CB296CCE76}.Release|Any CPU.ActiveCfg = Release|Any CPU
		{F5B7D748-AC4E-4BFC-9440-36CB296CCE76}.Release|Any CPU.Build.0 = Release|Any CPU
		{F5B7D748-AC4E-4BFC-9440-36CB296CCE76}.Release|x64.ActiveCfg = Release|Any CPU
		{F5B7D748-AC4E-4BFC-9440-36CB296CCE76}.Release|x64.Build.0 = Release|Any CPU
		{F5B7D748-AC4E-4BFC-9440-36CB296CCE76}.Release|x86.ActiveCfg = Release|Any CPU
		{F5B7D748-AC4E-4BFC-9440-36CB296CCE76}.Release|x86.Build.0 = Release|Any CPU
		{31E35703-A2A6-4F56-AD81-2E7386086257}.Debug|Any CPU.ActiveCfg = Debug|Any CPU
		{31E35703-A2A6-4F56-AD81-2E7386086257}.Debug|Any CPU.Build.0 = Debug|Any CPU
		{31E35703-A2A6-4F56-AD81-2E7386086257}.Debug|x64.ActiveCfg = Debug|Any CPU
		{31E35703-A2A6-4F56-AD81-2E7386086257}.Debug|x64.Build.0 = Debug|Any CPU
		{31E35703-A2A6-4F56-AD81-2E7386086257}.Debug|x86.ActiveCfg = Debug|Any CPU
		{31E35703-A2A6-4F56-AD81-2E7386086257}.Debug|x86.Build.0 = Debug|Any CPU
		{31E35703-A2A6-4F56-AD81-2E7386086257}.Release|Any CPU.ActiveCfg = Release|Any CPU
		{31E35703-A2A6-4F56-AD81-2E7386086257}.Release|Any CPU.Build.0 = Release|Any CPU
		{31E35703-A2A6-4F56-AD81-2E7386086257}.Release|x64.ActiveCfg = Release|Any CPU
		{31E35703-A2A6-4F56-AD81-2E7386086257}.Release|x64.Build.0 = Release|Any CPU
		{31E35703-A2A6-4F56-AD81-2E7386086257}.Release|x86.ActiveCfg = Release|Any CPU
		{31E35703-A2A6-4F56-AD81-2E7386086257}.Release|x86.Build.0 = Release|Any CPU
		{20FCF484-B412-4D7A-BF0C-0039808E3516}.Debug|Any CPU.ActiveCfg = Debug|Any CPU
		{20FCF484-B412-4D7A-BF0C-0039808E3516}.Debug|Any CPU.Build.0 = Debug|Any CPU
		{20FCF484-B412-4D7A-BF0C-0039808E3516}.Debug|x64.ActiveCfg = Debug|Any CPU
		{20FCF484-B412-4D7A-BF0C-0039808E3516}.Debug|x64.Build.0 = Debug|Any CPU
		{20FCF484-B412-4D7A-BF0C-0039808E3516}.Debug|x86.ActiveCfg = Debug|Any CPU
		{20FCF484-B412-4D7A-BF0C-0039808E3516}.Debug|x86.Build.0 = Debug|Any CPU
		{20FCF484-B412-4D7A-BF0C-0039808E3516}.Release|Any CPU.ActiveCfg = Release|Any CPU
		{20FCF484-B412-4D7A-BF0C-0039808E3516}.Release|Any CPU.Build.0 = Release|Any CPU
		{20FCF484-B412-4D7A-BF0C-0039808E3516}.Release|x64.ActiveCfg = Release|Any CPU
		{20FCF484-B412-4D7A-BF0C-0039808E3516}.Release|x64.Build.0 = Release|Any CPU
		{20FCF484-B412-4D7A-BF0C-0039808E3516}.Release|x86.ActiveCfg = Release|Any CPU
		{20FCF484-B412-4D7A-BF0C-0039808E3516}.Release|x86.Build.0 = Release|Any CPU
	EndGlobalSection
EndGlobal
